{
  "nodes": {
    "bank-bobbery": {
      "inputs": {
        "nixpkgs": [
          "nixpkgs"
        ]
      },
      "locked": {
        "lastModified": 1789158918,
        "narHash": "sha256-fjidPX3Rpl8gHUsa0ToTqP+9d8vaGu7EiQMMSK1WL7c=",
        "ref": "main",
        "rev": "e62831673c71a95f53368595d926371d7e0bec27",
        "revCount": 6,
        "type": "git",
        "url": "ssh://git@github.com/Oibadaohnana/bankbobbery"
      },
      "original": {
        "ref": "main",
        "type": "git",
        "url": "ssh://git@github.com/Oibadaohnana/bankbobbery"
      }
    },
    "bobby-dangling": {
      "inputs": {
        "nixpkgs": [
          "nixpkgs"
        ]
      },
      "locked": {
        "lastModified": 1789227412,
        "narHash": "sha256-y6B5nsYYx5xcCKW0857lWx+BMpQdpX+DJg3jCvjkLZU=",
        "ref": "main",
        "rev": "b1839362ea5d0e839ac4a8430aac67ef83879f11",
        "revCount": 22,
        "type": "git",
        "url": "ssh://git@github.com/Oibadaohnana/bobby_dangling"
      },
      "original": {
        "ref": "main",
        "type": "git",
        "url": "ssh://git@github.com/Oibadaohnana/bobby_dangling"
      }
    },
    "flake-utils": {
      "inputs": {
        "systems": "systems"
      },
      "locked": {
        "lastModified": 1731533236,
        "narHash": "sha256-l0KFg5HjrsfsO/JpG+r7fRrqm12kzFHyUHqHCVpMMbI=",
        "owner": "numtide",
        "repo": "flake-utils",
        "rev": "11707dc2f618dd54ca8739b309ec4fc024de578b",
        "type": "github"
      },
      "original": {
        "owner": "numtide",
        "repo": "flake-utils",
        "type": "github"
      }
    },
    "makinglist": {
      "inputs": {
        "nixpkgs": [
          "nixpkgs"
        ]
      },
      "locked": {
        "lastModified": 1789227423,
        "narHash": "sha256-GgxF/5vBBAhXfFS4EzQKTIG4FsmwIc1pGxsvPJGQHGU=",
        "ref": "main",
        "rev": "13bfe6580204f3849b1ccc84598611751de3e954",
        "revCount": 6,
        "type": "git",
        "url": "ssh://git@github.com/Oibadaohnana/makinglist"
      },
      "original": {
        "ref": "main",
        "type": "git",
        "url": "ssh://git@github.com/Oibadaohnana/makinglist"
      }
    },
    "nixpkgs": {
      "locked": {
        "lastModified": 1786384358,
        "narHash": "sha256-RzPPiWeUtuvymnpuEWsdtzli5w4kjZs49FqEs3/1u+I=",
        "owner": "NixOS",
        "repo": "nixpkgs",
        "rev": "2fcb964de67fcf60b43471c55d5d99e61a9ccb5a",
        "type": "github"
      },
      "original": {
        "owner": "NixOS",
        "ref": "nixos-unstable",
        "repo": "nixpkgs",
        "type": "github"
      }
    },
    "root": {
      "inputs": {
        "bank-bobbery": "bank-bobbery",
        "bobby-dangling": "bobby-dangling",
        "flake-utils": "flake-utils",
        "makinglist": "makinglist",
        "nixpkgs": "nixpkgs",
        "sops-nix": "sops-nix",
        "split": "split",
        "todo": "todo",
        "worms-whup": "worms-whup"
      }
    },
    "rust-overlay": {
      "inputs": {
        "nixpkgs": [
          "worms-whup",
          "nixpkgs"
        ]
      },
      "locked": {
        "lastModified": 1787627053,
        "narHash": "sha256-QdVaU2WSCKsxZ0sBDIRnaaukp6Z5IMUE0gDEDoSRJd0=",
        "owner": "oxalica",
        "repo": "rust-overlay",
        "rev": "132a10336af9ae819bdf640c0dd1c789b12d7107",
        "type": "github"
      },
      "original": {
        "owner": "oxalica",
        "repo": "rust-overlay",
        "type": "github"
      }
    },
    "sops-nix": {
      "inputs": {
        "nixpkgs": [
          "nixpkgs"
        ]
      },
      "locked": {
        "lastModified": 1788914643,
        "narHash": "sha256-4GuMPW90JSxXWDPUB9M+1m7fYbe3H0apOd86/zBQ2Kw=",
        "owner": "Mic92",
        "repo": "sops-nix",
        "rev": "13616fff713a9f94055c66f15687ebdc17a335df",
        "type": "github"
      },
      "original": {
        "owner": "Mic92",
        "repo": "sops-nix",
        "type": "github"
      }
    },
    "split": {
      "inputs": {
        "nixpkgs": [
          "nixpkgs"
        ]
      },
      "locked": {
        "lastModified": 1789235961,
        "narHash": "sha256-daGp3EMOHG+iUDLCFeEzqEQKBtUNwLCpkpLIkTiyh40=",
        "ref": "main",
        "rev": "1fd150c43359af2cb5f708e8a91c053d67f41eba",
        "revCount": 3,
        "type": "git",
        "url": "ssh://git@github.com/Oibadaohnana/split"
      },
      "original": {
        "ref": "main",
        "type": "git",
        "url": "ssh://git@github.com/Oibadaohnana/split"
      }
    },
    "systems": {
      "locked": {
        "lastModified": 1681028828,
        "narHash": "sha256-Vy1rq5AaRuLzOxct8nz4T6wlgyUR7zLU309k9mBC768=",
        "owner": "nix-systems",
        "repo": "default",
        "rev": "da67096a3b9bf56a91d16901293e51ba5b49a27e",
        "type": "github"
      },
      "original": {
        "owner": "nix-systems",
        "repo": "default",
        "type": "github"
      }
    },
    "todo": {
      "inputs": {
        "nixpkgs": [
          "nixpkgs"
        ]
      },
      "locked": {
        "lastModified": 1789227444,
        "narHash": "sha256-lfEYl5m5vGCJMZpU1zWz9H3bT3TIelbzw1zhnZjV9TI=",
        "ref": "main",
        "rev": "2be2ddc017b73ec4aa9666855d705dee343e8ff7",
        "revCount": 4,
        "type": "git",
        "url": "ssh://git@github.com/Oibadaohnana/todo"
      },
      "original": {
        "ref": "main",
        "type": "git",
        "url": "ssh://git@github.com/Oibadaohnana/todo"
      }
    },
    "worms-whup": {
      "inputs": {
        "nixpkgs": [
          "nixpkgs"
        ],
        "rust-overlay": "rust-overlay"
      },
      "locked": {
        "lastModified": 1788866473,
        "narHash": "sha256-4YWvPw5ySKZxJeR4HC0IuuAe8wyTmG57Kfom2Nvp9Oo=",
        "ref": "main",
        "rev": "829bdb0232e61c3576609ca312c102a4249d84cb",
        "revCount": 14,
        "type": "git",
        "url": "ssh://git@github.com/Oibadaohnana/worms_whup"
      },
      "original": {
        "ref": "main",
        "type": "git",
        "url": "ssh://git@github.com/Oibadaohnana/worms_whup"
      }
    }
  },
  "root": "root",
  "version": 7
}
